
Microsoft Visual Studio Solution File, Format Version 12.00
# Visual Studio Version 17
VisualStudioVersion = 17.8.35728.64
MinimumVisualStudioVersion = 10.0.40219.1
Project("{FAE04EC0-301F-11D3-BF4B-00C04F79EFBC}") = "T-33-inheritance", "T-33-inheritance.csproj", "{FECE9FB2-0140-47AD-B1CB-B4D8D17BCAF4}"
EndProject
Global
	GlobalSection(SolutionConfigurationPlatforms) = preSolution
		Debug|Any CPU = Debug|Any CPU
		Release|Any CPU = Release|Any CPU
	EndGlobalSection
	GlobalSection(ProjectConfigurationPlatforms) = postSolution
		{FECE9FB2-0140-47AD-B1CB-B4D8D17BCAF4}.Debug|Any CPU.ActiveCfg = Debug|Any CPU
		{FECE9FB2-0140-47AD-B1CB-B4D8D17BCAF4}.Debug|Any CPU.Build.0 = Debug|Any CPU
		{FECE9FB2-0140-47AD-B1CB-B4D8D17BCAF4}.Release|Any CPU.ActiveCfg = Release|Any CPU
		{FECE9FB2-0140-47AD-B1CB-B4D8D17BCAF4}.Release|Any CPU.Build.0 = Release|Any CPU
	EndGlobalSection
	GlobalSection(SolutionProperties) = preSolution
		HideSolutionNode = FALSE
	EndGlobalSection
	GlobalSection(ExtensibilityGlobals) = postSolution
		SolutionGuid = {A08D822C-7F05-458D-A337-2B84213B480F}
	EndGlobalSection
EndGlobal
