
Microsoft Visual Studio Solution File, Format Version 12.00
# Visual Studio Version 17
VisualStudioVersion = 17.8.35728.64
MinimumVisualStudioVersion = 10.0.40219.1
Project("{FAE04EC0-301F-11D3-BF4B-00C04F79EFBC}") = "T-2-13-02", "T-2-13-02.csproj", "{D1A753F3-14A1-419B-A885-0CFF19CA46C2}"
EndProject
Global
	GlobalSection(SolutionConfigurationPlatforms) = preSolution
		Debug|Any CPU = Debug|Any CPU
		Release|Any CPU = Release|Any CPU
	EndGlobalSection
	GlobalSection(ProjectConfigurationPlatforms) = postSolution
		{D1A753F3-14A1-419B-A885-0CFF19CA46C2}.Debug|Any CPU.ActiveCfg = Debug|Any CPU
		{D1A753F3-14A1-419B-A885-0CFF19CA46C2}.Debug|Any CPU.Build.0 = Debug|Any CPU
		{D1A753F3-14A1-419B-A885-0CFF19CA46C2}.Release|Any CPU.ActiveCfg = Release|Any CPU
		{D1A753F3-14A1-419B-A885-0CFF19CA46C2}.Release|Any CPU.Build.0 = Release|Any CPU
	EndGlobalSection
	GlobalSection(SolutionProperties) = preSolution
		HideSolutionNode = FALSE
	EndGlobalSection
	GlobalSection(ExtensibilityGlobals) = postSolution
		SolutionGuid = {80879209-A25C-46A5-9C6E-C72334F4BD92}
	EndGlobalSection
EndGlobal
