
Microsoft Visual Studio Solution File, Format Version 12.00
# Visual Studio Version 17
VisualStudioVersion = 17.8.35728.64
MinimumVisualStudioVersion = 10.0.40219.1
Project("{FAE04EC0-301F-11D3-BF4B-00C04F79EFBC}") = "T-37-Enums", "T-37-Enums.csproj", "{99980B4F-D4CD-4F32-99C9-52C14AF1B081}"
EndProject
Global
	GlobalSection(SolutionConfigurationPlatforms) = preSolution
		Debug|Any CPU = Debug|Any CPU
		Release|Any CPU = Release|Any CPU
	EndGlobalSection
	GlobalSection(ProjectConfigurationPlatforms) = postSolution
		{99980B4F-D4CD-4F32-99C9-52C14AF1B081}.Debug|Any CPU.ActiveCfg = Debug|Any CPU
		{99980B4F-D4CD-4F32-99C9-52C14AF1B081}.Debug|Any CPU.Build.0 = Debug|Any CPU
		{99980B4F-D4CD-4F32-99C9-52C14AF1B081}.Release|Any CPU.ActiveCfg = Release|Any CPU
		{99980B4F-D4CD-4F32-99C9-52C14AF1B081}.Release|Any CPU.Build.0 = Release|Any CPU
	EndGlobalSection
	GlobalSection(SolutionProperties) = preSolution
		HideSolutionNode = FALSE
	EndGlobalSection
	GlobalSection(ExtensibilityGlobals) = postSolution
		SolutionGuid = {1AB4145B-D77E-4F8C-92A5-53C03F17FD61}
	EndGlobalSection
EndGlobal
