
Microsoft Visual Studio Solution File, Format Version 12.00
# Visual Studio Version 17
VisualStudioVersion = 17.8.35728.64
MinimumVisualStudioVersion = 10.0.40219.1
Project("{FAE04EC0-301F-11D3-BF4B-00C04F79EFBC}") = "T-12-switch", "T-12-switch.csproj", "{A5F950DE-9D9B-4210-A76F-D80B278A6CC3}"
EndProject
Global
	GlobalSection(SolutionConfigurationPlatforms) = preSolution
		Debug|Any CPU = Debug|Any CPU
		Release|Any CPU = Release|Any CPU
	EndGlobalSection
	GlobalSection(ProjectConfigurationPlatforms) = postSolution
		{A5F950DE-9D9B-4210-A76F-D80B278A6CC3}.Debug|Any CPU.ActiveCfg = Debug|Any CPU
		{A5F950DE-9D9B-4210-A76F-D80B278A6CC3}.Debug|Any CPU.Build.0 = Debug|Any CPU
		{A5F950DE-9D9B-4210-A76F-D80B278A6CC3}.Release|Any CPU.ActiveCfg = Release|Any CPU
		{A5F950DE-9D9B-4210-A76F-D80B278A6CC3}.Release|Any CPU.Build.0 = Release|Any CPU
	EndGlobalSection
	GlobalSection(SolutionProperties) = preSolution
		HideSolutionNode = FALSE
	EndGlobalSection
	GlobalSection(ExtensibilityGlobals) = postSolution
		SolutionGuid = {7E422F5C-2BAB-4FD0-8DD9-0D4E63CD251B}
	EndGlobalSection
EndGlobal
