
Microsoft Visual Studio Solution File, Format Version 12.00
# Visual Studio Version 17
VisualStudioVersion = 17.8.35728.64
MinimumVisualStudioVersion = 10.0.40219.1
Project("{FAE04EC0-301F-11D3-BF4B-00C04F79EFBC}") = "T-33Abstract", "T-33Abstract.csproj", "{AD52B6EA-C67E-422F-A1FB-36A45E987431}"
EndProject
Global
	GlobalSection(SolutionConfigurationPlatforms) = preSolution
		Debug|Any CPU = Debug|Any CPU
		Release|Any CPU = Release|Any CPU
	EndGlobalSection
	GlobalSection(ProjectConfigurationPlatforms) = postSolution
		{AD52B6EA-C67E-422F-A1FB-36A45E987431}.Debug|Any CPU.ActiveCfg = Debug|Any CPU
		{AD52B6EA-C67E-422F-A1FB-36A45E987431}.Debug|Any CPU.Build.0 = Debug|Any CPU
		{AD52B6EA-C67E-422F-A1FB-36A45E987431}.Release|Any CPU.ActiveCfg = Release|Any CPU
		{AD52B6EA-C67E-422F-A1FB-36A45E987431}.Release|Any CPU.Build.0 = Release|Any CPU
	EndGlobalSection
	GlobalSection(SolutionProperties) = preSolution
		HideSolutionNode = FALSE
	EndGlobalSection
	GlobalSection(ExtensibilityGlobals) = postSolution
		SolutionGuid = {825C8621-46FE-4C0A-BB48-FE4513563E35}
	EndGlobalSection
EndGlobal
