
Microsoft Visual Studio Solution File, Format Version 12.00
# Visual Studio Version 17
VisualStudioVersion = 17.8.35728.64
MinimumVisualStudioVersion = 10.0.40219.1
Project("{FAE04EC0-301F-11D3-BF4B-00C04F79EFBC}") = "T-42-PassingParamsUsingClass", "T-42-PassingParamsUsingClass.csproj", "{3A20D9C5-EF3F-4513-A1EB-1D8317934070}"
EndProject
Global
	GlobalSection(SolutionConfigurationPlatforms) = preSolution
		Debug|Any CPU = Debug|Any CPU
		Release|Any CPU = Release|Any CPU
	EndGlobalSection
	GlobalSection(ProjectConfigurationPlatforms) = postSolution
		{3A20D9C5-EF3F-4513-A1EB-1D8317934070}.Debug|Any CPU.ActiveCfg = Debug|Any CPU
		{3A20D9C5-EF3F-4513-A1EB-1D8317934070}.Debug|Any CPU.Build.0 = Debug|Any CPU
		{3A20D9C5-EF3F-4513-A1EB-1D8317934070}.Release|Any CPU.ActiveCfg = Release|Any CPU
		{3A20D9C5-EF3F-4513-A1EB-1D8317934070}.Release|Any CPU.Build.0 = Release|Any CPU
	EndGlobalSection
	GlobalSection(SolutionProperties) = preSolution
		HideSolutionNode = FALSE
	EndGlobalSection
	GlobalSection(ExtensibilityGlobals) = postSolution
		SolutionGuid = {4F15574F-7802-4875-A257-C9A396054B7C}
	EndGlobalSection
EndGlobal
