
Microsoft Visual Studio Solution File, Format Version 12.00
# Visual Studio Version 17
VisualStudioVersion = 17.8.35728.64
MinimumVisualStudioVersion = 10.0.40219.1
Project("{FAE04EC0-301F-11D3-BF4B-00C04F79EFBC}") = "T-6-13-02", "T-6-13-02.csproj", "{1AB2AB4D-AB37-40A8-9F8E-BF1A2AB140DE}"
EndProject
Global
	GlobalSection(SolutionConfigurationPlatforms) = preSolution
		Debug|Any CPU = Debug|Any CPU
		Release|Any CPU = Release|Any CPU
	EndGlobalSection
	GlobalSection(ProjectConfigurationPlatforms) = postSolution
		{1AB2AB4D-AB37-40A8-9F8E-BF1A2AB140DE}.Debug|Any CPU.ActiveCfg = Debug|Any CPU
		{1AB2AB4D-AB37-40A8-9F8E-BF1A2AB140DE}.Debug|Any CPU.Build.0 = Debug|Any CPU
		{1AB2AB4D-AB37-40A8-9F8E-BF1A2AB140DE}.Release|Any CPU.ActiveCfg = Release|Any CPU
		{1AB2AB4D-AB37-40A8-9F8E-BF1A2AB140DE}.Release|Any CPU.Build.0 = Release|Any CPU
	EndGlobalSection
	GlobalSection(SolutionProperties) = preSolution
		HideSolutionNode = FALSE
	EndGlobalSection
	GlobalSection(ExtensibilityGlobals) = postSolution
		SolutionGuid = {A238A977-849C-4A0A-9390-AAEE15A98FA4}
	EndGlobalSection
EndGlobal
