
Microsoft Visual Studio Solution File, Format Version 12.00
# Visual Studio Version 17
VisualStudioVersion = 17.8.35728.64
MinimumVisualStudioVersion = 10.0.40219.1
Project("{FAE04EC0-301F-11D3-BF4B-00C04F79EFBC}") = "p-9", "p-9.csproj", "{79AED4FC-F475-4409-8838-0511B9B9DCBB}"
EndProject
Global
	GlobalSection(SolutionConfigurationPlatforms) = preSolution
		Debug|Any CPU = Debug|Any CPU
		Release|Any CPU = Release|Any CPU
	EndGlobalSection
	GlobalSection(ProjectConfigurationPlatforms) = postSolution
		{79AED4FC-F475-4409-8838-0511B9B9DCBB}.Debug|Any CPU.ActiveCfg = Debug|Any CPU
		{79AED4FC-F475-4409-8838-0511B9B9DCBB}.Debug|Any CPU.Build.0 = Debug|Any CPU
		{79AED4FC-F475-4409-8838-0511B9B9DCBB}.Release|Any CPU.ActiveCfg = Release|Any CPU
		{79AED4FC-F475-4409-8838-0511B9B9DCBB}.Release|Any CPU.Build.0 = Release|Any CPU
	EndGlobalSection
	GlobalSection(SolutionProperties) = preSolution
		HideSolutionNode = FALSE
	EndGlobalSection
	GlobalSection(ExtensibilityGlobals) = postSolution
		SolutionGuid = {11061984-6287-4748-B3EC-455AA4E4FABC}
	EndGlobalSection
EndGlobal
