
Microsoft Visual Studio Solution File, Format Version 12.00
# Visual Studio Version 17
VisualStudioVersion = 17.8.35728.64
MinimumVisualStudioVersion = 10.0.40219.1
Project("{FAE04EC0-301F-11D3-BF4B-00C04F79EFBC}") = "T-22-staticinstanceclass", "T-22-staticinstanceclass.csproj", "{498C5686-FF84-4E73-B87D-EA8BB9D5B5DA}"
EndProject
Global
	GlobalSection(SolutionConfigurationPlatforms) = preSolution
		Debug|Any CPU = Debug|Any CPU
		Release|Any CPU = Release|Any CPU
	EndGlobalSection
	GlobalSection(ProjectConfigurationPlatforms) = postSolution
		{498C5686-FF84-4E73-B87D-EA8BB9D5B5DA}.Debug|Any CPU.ActiveCfg = Debug|Any CPU
		{498C5686-FF84-4E73-B87D-EA8BB9D5B5DA}.Debug|Any CPU.Build.0 = Debug|Any CPU
		{498C5686-FF84-4E73-B87D-EA8BB9D5B5DA}.Release|Any CPU.ActiveCfg = Release|Any CPU
		{498C5686-FF84-4E73-B87D-EA8BB9D5B5DA}.Release|Any CPU.Build.0 = Release|Any CPU
	EndGlobalSection
	GlobalSection(SolutionProperties) = preSolution
		HideSolutionNode = FALSE
	EndGlobalSection
	GlobalSection(ExtensibilityGlobals) = postSolution
		SolutionGuid = {4247C4AA-FCC0-47DE-9565-55FF73484A37}
	EndGlobalSection
EndGlobal
