
Microsoft Visual Studio Solution File, Format Version 12.00
# Visual Studio Version 17
VisualStudioVersion = 17.8.35728.64
MinimumVisualStudioVersion = 10.0.40219.1
Project("{FAE04EC0-301F-11D3-BF4B-00C04F79EFBC}") = "T-38-accessmodifier2", "T-38-accessmodifier2.csproj", "{B5BC56E7-CE79-435B-99B5-45D3805BA147}"
EndProject
Project("{FAE04EC0-301F-11D3-BF4B-00C04F79EFBC}") = "Assemblyone", "..\Assemblyone\Assemblyone.csproj", "{A6875354-FA21-40F9-A315-C72DD6E1657A}"
EndProject
Project("{FAE04EC0-301F-11D3-BF4B-00C04F79EFBC}") = "Assemblytwo", "..\Assemblytwo\Assemblytwo.csproj", "{2617F26D-E119-485C-B1C4-D0487B2EBA97}"
EndProject
Global
	GlobalSection(SolutionConfigurationPlatforms) = preSolution
		Debug|Any CPU = Debug|Any CPU
		Release|Any CPU = Release|Any CPU
	EndGlobalSection
	GlobalSection(ProjectConfigurationPlatforms) = postSolution
		{B5BC56E7-CE79-435B-99B5-45D3805BA147}.Debug|Any CPU.ActiveCfg = Debug|Any CPU
		{B5BC56E7-CE79-435B-99B5-45D3805BA147}.Debug|Any CPU.Build.0 = Debug|Any CPU
		{B5BC56E7-CE79-435B-99B5-45D3805BA147}.Release|Any CPU.ActiveCfg = Release|Any CPU
		{B5BC56E7-CE79-435B-99B5-45D3805BA147}.Release|Any CPU.Build.0 = Release|Any CPU
		{A6875354-FA21-40F9-A315-C72DD6E1657A}.Debug|Any CPU.ActiveCfg = Debug|Any CPU
		{A6875354-FA21-40F9-A315-C72DD6E1657A}.Debug|Any CPU.Build.0 = Debug|Any CPU
		{A6875354-FA21-40F9-A315-C72DD6E1657A}.Release|Any CPU.ActiveCfg = Release|Any CPU
		{A6875354-FA21-40F9-A315-C72DD6E1657A}.Release|Any CPU.Build.0 = Release|Any CPU
		{2617F26D-E119-485C-B1C4-D0487B2EBA97}.Debug|Any CPU.ActiveCfg = Debug|Any CPU
		{2617F26D-E119-485C-B1C4-D0487B2EBA97}.Debug|Any CPU.Build.0 = Debug|Any CPU
		{2617F26D-E119-485C-B1C4-D0487B2EBA97}.Release|Any CPU.ActiveCfg = Release|Any CPU
		{2617F26D-E119-485C-B1C4-D0487B2EBA97}.Release|Any CPU.Build.0 = Release|Any CPU
	EndGlobalSection
	GlobalSection(SolutionProperties) = preSolution
		HideSolutionNode = FALSE
	EndGlobalSection
	GlobalSection(ExtensibilityGlobals) = postSolution
		SolutionGuid = {08E12DDA-5D0B-49BA-93B5-C1A21656A721}
	EndGlobalSection
EndGlobal
