
Microsoft Visual Studio Solution File, Format Version 12.00
# Visual Studio Version 17
VisualStudioVersion = 17.8.35728.64
MinimumVisualStudioVersion = 10.0.40219.1
Project("{FAE04EC0-301F-11D3-BF4B-00C04F79EFBC}") = "T-35-InnerException", "T-35-InnerException.csproj", "{B2D86F67-1BA0-4861-BA3E-FD5529524F52}"
EndProject
Global
	GlobalSection(SolutionConfigurationPlatforms) = preSolution
		Debug|Any CPU = Debug|Any CPU
		Release|Any CPU = Release|Any CPU
	EndGlobalSection
	GlobalSection(ProjectConfigurationPlatforms) = postSolution
		{B2D86F67-1BA0-4861-BA3E-FD5529524F52}.Debug|Any CPU.ActiveCfg = Debug|Any CPU
		{B2D86F67-1BA0-4861-BA3E-FD5529524F52}.Debug|Any CPU.Build.0 = Debug|Any CPU
		{B2D86F67-1BA0-4861-BA3E-FD5529524F52}.Release|Any CPU.ActiveCfg = Release|Any CPU
		{B2D86F67-1BA0-4861-BA3E-FD5529524F52}.Release|Any CPU.Build.0 = Release|Any CPU
	EndGlobalSection
	GlobalSection(SolutionProperties) = preSolution
		HideSolutionNode = FALSE
	EndGlobalSection
	GlobalSection(ExtensibilityGlobals) = postSolution
		SolutionGuid = {CDABC49C-82E2-4E40-B73C-42A59C565FB0}
	EndGlobalSection
EndGlobal
