
Microsoft Visual Studio Solution File, Format Version 12.00
# Visual Studio Version 17
VisualStudioVersion = 17.8.35728.64
MinimumVisualStudioVersion = 10.0.40219.1
Project("{FAE04EC0-301F-11D3-BF4B-00C04F79EFBC}") = "T-27-MethodOverloading", "T-27-MethodOverloading.csproj", "{CC02984B-89E6-4107-9381-B350B7534945}"
EndProject
Global
	GlobalSection(SolutionConfigurationPlatforms) = preSolution
		Debug|Any CPU = Debug|Any CPU
		Release|Any CPU = Release|Any CPU
	EndGlobalSection
	GlobalSection(ProjectConfigurationPlatforms) = postSolution
		{CC02984B-89E6-4107-9381-B350B7534945}.Debug|Any CPU.ActiveCfg = Debug|Any CPU
		{CC02984B-89E6-4107-9381-B350B7534945}.Debug|Any CPU.Build.0 = Debug|Any CPU
		{CC02984B-89E6-4107-9381-B350B7534945}.Release|Any CPU.ActiveCfg = Release|Any CPU
		{CC02984B-89E6-4107-9381-B350B7534945}.Release|Any CPU.Build.0 = Release|Any CPU
	EndGlobalSection
	GlobalSection(SolutionProperties) = preSolution
		HideSolutionNode = FALSE
	EndGlobalSection
	GlobalSection(ExtensibilityGlobals) = postSolution
		SolutionGuid = {AEC4AF48-7267-4A32-904B-B6DF5FF64588}
	EndGlobalSection
EndGlobal
