
Microsoft Visual Studio Solution File, Format Version 12.00
# Visual Studio Version 17
VisualStudioVersion = 17.8.35728.64
MinimumVisualStudioVersion = 10.0.40219.1
Project("{FAE04EC0-301F-11D3-BF4B-00C04F79EFBC}") = "T-28-MethodOverloading", "T-28-MethodOverloading.csproj", "{8984D82A-F5D9-4F96-9AC4-357F43A186D7}"
EndProject
Global
	GlobalSection(SolutionConfigurationPlatforms) = preSolution
		Debug|Any CPU = Debug|Any CPU
		Release|Any CPU = Release|Any CPU
	EndGlobalSection
	GlobalSection(ProjectConfigurationPlatforms) = postSolution
		{8984D82A-F5D9-4F96-9AC4-357F43A186D7}.Debug|Any CPU.ActiveCfg = Debug|Any CPU
		{8984D82A-F5D9-4F96-9AC4-357F43A186D7}.Debug|Any CPU.Build.0 = Debug|Any CPU
		{8984D82A-F5D9-4F96-9AC4-357F43A186D7}.Release|Any CPU.ActiveCfg = Release|Any CPU
		{8984D82A-F5D9-4F96-9AC4-357F43A186D7}.Release|Any CPU.Build.0 = Release|Any CPU
	EndGlobalSection
	GlobalSection(SolutionProperties) = preSolution
		HideSolutionNode = FALSE
	EndGlobalSection
	GlobalSection(ExtensibilityGlobals) = postSolution
		SolutionGuid = {83AF778A-D194-477F-86EB-D3302B7C2D87}
	EndGlobalSection
EndGlobal
